
Microsoft Visual Studio Solution File, Format Version 12.00
# Visual Studio Version 17
VisualStudioVersion = 17.0.31903.59
MinimumVisualStudioVersion = 10.0.40219.1
Project("{FAE04EC0-301F-11D3-BF4B-00C04F79EFBC}") = "Aula29", "Aula29\Aula29.csproj", "{BAC2A295-79F2-419E-8B71-3C9206D6BB4D}"
EndProject
Global
	GlobalSection(SolutionConfigurationPlatforms) = preSolution
		Debug|Any CPU = Debug|Any CPU
		Release|Any CPU = Release|Any CPU
	EndGlobalSection
	GlobalSection(SolutionProperties) = preSolution
		HideSolutionNode = FALSE
	EndGlobalSection
	GlobalSection(ProjectConfigurationPlatforms) = postSolution
		{BAC2A295-79F2-419E-8B71-3C9206D6BB4D}.Debug|Any CPU.ActiveCfg = Debug|Any CPU
		{BAC2A295-79F2-419E-8B71-3C9206D6BB4D}.Debug|Any CPU.Build.0 = Debug|Any CPU
		{BAC2A295-79F2-419E-8B71-3C9206D6BB4D}.Release|Any CPU.ActiveCfg = Release|Any CPU
		{BAC2A295-79F2-419E-8B71-3C9206D6BB4D}.Release|Any CPU.Build.0 = Release|Any CPU
	EndGlobalSection
EndGlobal
