
Microsoft Visual Studio Solution File, Format Version 12.00
# Visual Studio Version 17
VisualStudioVersion = 17.0.31903.59
MinimumVisualStudioVersion = 10.0.40219.1
Project("{FAE04EC0-301F-11D3-BF4B-00C04F79EFBC}") = "SobreCargaMetodos", "SobreCargaMetodos\SobreCargaMetodos.csproj", "{66DBBE5B-2447-4265-A10E-B99F6660911B}"
EndProject
Global
	GlobalSection(SolutionConfigurationPlatforms) = preSolution
		Debug|Any CPU = Debug|Any CPU
		Release|Any CPU = Release|Any CPU
	EndGlobalSection
	GlobalSection(SolutionProperties) = preSolution
		HideSolutionNode = FALSE
	EndGlobalSection
	GlobalSection(ProjectConfigurationPlatforms) = postSolution
		{66DBBE5B-2447-4265-A10E-B99F6660911B}.Debug|Any CPU.ActiveCfg = Debug|Any CPU
		{66DBBE5B-2447-4265-A10E-B99F6660911B}.Debug|Any CPU.Build.0 = Debug|Any CPU
		{66DBBE5B-2447-4265-A10E-B99F6660911B}.Release|Any CPU.ActiveCfg = Release|Any CPU
		{66DBBE5B-2447-4265-A10E-B99F6660911B}.Release|Any CPU.Build.0 = Release|Any CPU
	EndGlobalSection
EndGlobal
