
Microsoft Visual Studio Solution File, Format Version 12.00
# Visual Studio Version 17
VisualStudioVersion = 17.0.31903.59
MinimumVisualStudioVersion = 10.0.40219.1
Project("{FAE04EC0-301F-11D3-BF4B-00C04F79EFBC}") = "MetodosEstaticos", "MetodosEstaticos\MetodosEstaticos.csproj", "{298E84CB-49F8-4EF2-8056-DA043CC40F31}"
EndProject
Global
	GlobalSection(SolutionConfigurationPlatforms) = preSolution
		Debug|Any CPU = Debug|Any CPU
		Release|Any CPU = Release|Any CPU
	EndGlobalSection
	GlobalSection(SolutionProperties) = preSolution
		HideSolutionNode = FALSE
	EndGlobalSection
	GlobalSection(ProjectConfigurationPlatforms) = postSolution
		{298E84CB-49F8-4EF2-8056-DA043CC40F31}.Debug|Any CPU.ActiveCfg = Debug|Any CPU
		{298E84CB-49F8-4EF2-8056-DA043CC40F31}.Debug|Any CPU.Build.0 = Debug|Any CPU
		{298E84CB-49F8-4EF2-8056-DA043CC40F31}.Release|Any CPU.ActiveCfg = Release|Any CPU
		{298E84CB-49F8-4EF2-8056-DA043CC40F31}.Release|Any CPU.Build.0 = Release|Any CPU
	EndGlobalSection
EndGlobal
